{
  "name": "assets",
  "lockfileVersion": 3,
  "requires": true,
  "packages": {
    "": {
      "dependencies": {
        "trix": "^2.0.5"
      }
    },
    "node_modules/trix": {
      "version": "2.0.5",
      "resolved": "https://registry.npmjs.org/trix/-/trix-2.0.5.tgz",
      "integrity": "sha512-OiCbDf17F7JahEwhyL1MvK9DxAAT1vkaW5sn+zpwfemZAcc4RfQB4ku18/1mKP58LRwBhjcy+6TBho7ciXz52Q=="
    }
  }
}
